// !$*UTF8*$!
{
	archiveVersion = 1;
	classes = {
	};
	objectVersion = 46;
	objects = {

/* Begin PBXBuildFile section */
		02DE4F67BA5A08E4D17B10DD /* MBBlinkInputSerializationUtils.h in Headers */ = {isa = PBXBuildFile; fileRef = 0D1C4FB3926BA5BA03330AA8 /* MBBlinkInputSerializationUtils.h */; };
		05754B84858BA97B6720BC25 /* MBImageReturnProcessorWrapper.h in Headers */ = {isa = PBXBuildFile; fileRef = F72341F9BA323620A50EA55A /* MBImageReturnProcessorWrapper.h */; };
		0F0D4B85956DB5ACBDFE7016 /* MBRawParserWrapper.h in Headers */ = {isa = PBXBuildFile; fileRef = F65E4125A3819D2F85A3476B /* MBRawParserWrapper.h */; };
		1583444B87E2A16A83B759C7 /* MBLicensePlatesParserWrapper.m in Sources */ = {isa = PBXBuildFile; fileRef = 9F294E75897A74D87154DAF2 /* MBLicensePlatesParserWrapper.m */; };
		160A4EA4A9B2F8E584B05604 /* MBOverlaySerializationUtils.h in Headers */ = {isa = PBXBuildFile; fileRef = A57F4192BF84364DB6E91875 /* MBOverlaySerializationUtils.h */; };
		16CD4B81BC89E27A191C1374 /* MBIbanParserWrapper.h in Headers */ = {isa = PBXBuildFile; fileRef = D503418B8CE2C8CD1D517678 /* MBIbanParserWrapper.h */; };
		1DDC472D954DE504C81AB350 /* MBRegexParserWrapper.h in Headers */ = {isa = PBXBuildFile; fileRef = 974B4B648E52207187A57AA7 /* MBRegexParserWrapper.h */; };
		252D4BF8987B2E266C8484C0 /* MBBarcodeRecognizerWrapper.h in Headers */ = {isa = PBXBuildFile; fileRef = 0D1F446A8BEEB04D4BE20F98 /* MBBarcodeRecognizerWrapper.h */; };
		27AB455FBA74D2236DC97E24 /* MBVinParserWrapper.m in Sources */ = {isa = PBXBuildFile; fileRef = 850D4B499F26A63EC96D0216 /* MBVinParserWrapper.m */; };
		2B394CD4AEE72BBF1CF9596B /* MBLicensePlatesParserWrapper.h in Headers */ = {isa = PBXBuildFile; fileRef = BE384A7ABD4BFF5C7D9CD8BF /* MBLicensePlatesParserWrapper.h */; };
		2E9F478283811AE8462F8A79 /* MBVinParserWrapper.h in Headers */ = {isa = PBXBuildFile; fileRef = 51F4494F9FA5E896111C8DB3 /* MBVinParserWrapper.h */; };
		37644585A88B7B18EC96DA69 /* MBIbanParserWrapper.m in Sources */ = {isa = PBXBuildFile; fileRef = 57914589BA13A8A2A8416454 /* MBIbanParserWrapper.m */; };
		37E748B896E4283159BD8CE6 /* MBFieldByFieldOverlaySettingsSerialization.h in Headers */ = {isa = PBXBuildFile; fileRef = 22B64CA8A17CA26DCBFA07AE /* MBFieldByFieldOverlaySettingsSerialization.h */; };
		3A7043F09AB2D22CFB6D7567 /* MBPdf417RecognizerWrapper.m in Sources */ = {isa = PBXBuildFile; fileRef = D4E64EC0B29EC22347594AB4 /* MBPdf417RecognizerWrapper.m */; };
		3D8947B5B43D2D66BE231A08 /* MBEmailParserWrapper.m in Sources */ = {isa = PBXBuildFile; fileRef = 00F74534AD3248F8E48B99E5 /* MBEmailParserWrapper.m */; };
		4631475B9261958702E293F2 /* MBParserGroupProcessorWrapper.m in Sources */ = {isa = PBXBuildFile; fileRef = 08DD4379BE55EC37DB545118 /* MBParserGroupProcessorWrapper.m */; };
		477646B2BFC2B7C38A30E319 /* MBBarcodeOverlaySettingsSerialization.h in Headers */ = {isa = PBXBuildFile; fileRef = 956F49ACB5D1CB35F9E6854A /* MBBarcodeOverlaySettingsSerialization.h */; };
		47F449888001F64C637063EA /* MBBlinkInputRecognizerWrapper.m in Sources */ = {isa = PBXBuildFile; fileRef = 884F4D5ABCDB3FEA3639FF22 /* MBBlinkInputRecognizerWrapper.m */; };
		47F94565BA4A8D157D950186 /* MBSimNumberRecognizerWrapper.m in Sources */ = {isa = PBXBuildFile; fileRef = 208043BCA6302AB49D786F15 /* MBSimNumberRecognizerWrapper.m */; };
		4A7F4D738D329A62CC9BCA85 /* MBDateParserWrapper.h in Headers */ = {isa = PBXBuildFile; fileRef = C42E4F009CE3D67B1F80C37F /* MBDateParserWrapper.h */; };
		4B2F417587A958D795058B53 /* MBTopUpParserWrapper.h in Headers */ = {isa = PBXBuildFile; fileRef = 34954AC493D19EEF8879B747 /* MBTopUpParserWrapper.h */; };
		4B5C4813A5F8F0F8EDAD1CE1 /* MBOverlayViewControllerDelegate.h in Headers */ = {isa = PBXBuildFile; fileRef = 2F7F4BBD8612CDBE84458480 /* MBOverlayViewControllerDelegate.h */; };
		4ECA4B21A37BCF7C41D31534 /* MBBarcodeOverlaySettingsSerialization.m in Sources */ = {isa = PBXBuildFile; fileRef = BED541A7BE5C7ED9DD440E16 /* MBBarcodeOverlaySettingsSerialization.m */; };
		53FE4280973EFE62540AF7E7 /* MBProcessorSerializers.h in Headers */ = {isa = PBXBuildFile; fileRef = D5354FCF830E149A6123E052 /* MBProcessorSerializers.h */; };
		545145928FEA04B56868ADDD /* MBSuccessFrameGrabberRecognizerWrapper.m in Sources */ = {isa = PBXBuildFile; fileRef = 1CA3478EB7D2BE5B026EACFA /* MBSuccessFrameGrabberRecognizerWrapper.m */; };
		54B24F788AD16AA0758A9138 /* MBEmailParserWrapper.h in Headers */ = {isa = PBXBuildFile; fileRef = 449749E3ADBA427543469964 /* MBEmailParserWrapper.h */; };
		55E14659BC4B1E9D7F6E1AB0 /* MBDocumentCaptureRecognizerWrapper.m in Sources */ = {isa = PBXBuildFile; fileRef = 50144618AF93CB3BD68ED5A3 /* MBDocumentCaptureRecognizerWrapper.m */; };
		57E042F6AB33F20EA03AB51A /* MBCommonSerializationUtils.m in Sources */ = {isa = PBXBuildFile; fileRef = D5A445779A4499E6B94FA225 /* MBCommonSerializationUtils.m */; };
		5BE54413B91B188498D92D03 /* MBAmountParserWrapper.h in Headers */ = {isa = PBXBuildFile; fileRef = 02DD48C0AAFABED68486D2EF /* MBAmountParserWrapper.h */; };
		5D454AF7B9968145F6FA3AE9 /* MBRecognizerWrapper.m in Sources */ = {isa = PBXBuildFile; fileRef = 0EF2464699E4D197D6C7C7A3 /* MBRecognizerWrapper.m */; };
		646144F3AD49CDB2C6FF548F /* MBFieldByFieldOverlaySettingsSerialization.m in Sources */ = {isa = PBXBuildFile; fileRef = 40184014997417FE74CB7D39 /* MBFieldByFieldOverlaySettingsSerialization.m */; };
		716544598466C37BB7140E9F /* MBSimNumberRecognizerWrapper.h in Headers */ = {isa = PBXBuildFile; fileRef = DAFC41C685664B28ED637B8E /* MBSimNumberRecognizerWrapper.h */; };
		728D42B6BFA6E37ECF2250DB /* MBMicroblinkModule.h in Headers */ = {isa = PBXBuildFile; fileRef = CD614708926DAB1125520A3A /* MBMicroblinkModule.h */; };
		7A454D3A8D7E9D6598BE245C /* MBOverlayVCCreator.h in Headers */ = {isa = PBXBuildFile; fileRef = 8501486BBCF37E5D61A1E3F8 /* MBOverlayVCCreator.h */; };
		7BBD49D5BB7260F9E95EB31D /* MBOverlaySettingsSerializers.m in Sources */ = {isa = PBXBuildFile; fileRef = 9B7C48ED8D1A594F68B88B72 /* MBOverlaySettingsSerializers.m */; };
		7C0C4C01A7448237D98CCD16 /* MBPdf417RecognizerWrapper.h in Headers */ = {isa = PBXBuildFile; fileRef = E72A4206802AA3C20F1B471E /* MBPdf417RecognizerWrapper.h */; };
		7C3B4F07A918E2A15C69DAB0 /* MBCommonSerializationUtils.h in Headers */ = {isa = PBXBuildFile; fileRef = 9144467AB475BB4ED5163E1D /* MBCommonSerializationUtils.h */; };
		7D724018A0FB0EA68F48C7FB /* MBDocumentCaptureOverlaySettingsSerialization.m in Sources */ = {isa = PBXBuildFile; fileRef = 33CE434BAFE6AAB4D6A4C4BA /* MBDocumentCaptureOverlaySettingsSerialization.m */; };
		81A240149D2843D21F87C193 /* MBParserSerializers.m in Sources */ = {isa = PBXBuildFile; fileRef = F96D4D48A3A0D8AF3CE5A3B7 /* MBParserSerializers.m */; };
		92814837811DE31C0248B6F3 /* MBProcessorWrapper.m in Sources */ = {isa = PBXBuildFile; fileRef = E2B74178A507343ADFF71F39 /* MBProcessorWrapper.m */; };
		964B4E69A2AFB4E5E1782F78 /* MBTopUpParserWrapper.m in Sources */ = {isa = PBXBuildFile; fileRef = 1D6E4872BBC9C83D4FE8FBDC /* MBTopUpParserWrapper.m */; };
		9A2A4B16BC3D5C1ACA079282 /* MBSerializationUtils.h in Headers */ = {isa = PBXBuildFile; fileRef = A1B641C7ADED7451302C6646 /* MBSerializationUtils.h */; };
		9C244E56A503DA5A8A586201 /* MBRegexParserWrapper.m in Sources */ = {isa = PBXBuildFile; fileRef = 596949BF8062ED0607D1D683 /* MBRegexParserWrapper.m */; };
		9C974FDC9ED1418DE9EA85D0 /* MBMicroblinkModule.m in Sources */ = {isa = PBXBuildFile; fileRef = D4734F07A4C150F999673CE0 /* MBMicroblinkModule.m */; };
		9E3442B9B212E9721FA6E243 /* MBParserSerializers.h in Headers */ = {isa = PBXBuildFile; fileRef = 8FA84EB5AAB55DBE23E96DEE /* MBParserSerializers.h */; };
		A27CCA401E9E5D8D00BED675 /* Accelerate.framework in Frameworks */ = {isa = PBXBuildFile; fileRef = A27CCA3A1E9E57CF00BED675 /* Accelerate.framework */; };
		A27CCA421E9E5D9400BED675 /* CoreFoundation.framework in Frameworks */ = {isa = PBXBuildFile; fileRef = A27CCA411E9E5D9400BED675 /* CoreFoundation.framework */; };
		A27CCA431E9E5D9900BED675 /* AudioToolbox.framework in Frameworks */ = {isa = PBXBuildFile; fileRef = A27CCA381E9E57C900BED675 /* AudioToolbox.framework */; };
		A27CCA441E9E5DAE00BED675 /* CoreMedia.framework in Frameworks */ = {isa = PBXBuildFile; fileRef = A27CCA3E1E9E57DA00BED675 /* CoreMedia.framework */; };
		A2E24EEE8D2FBEBFD4376A6F /* MBRecognizerSerializers.h in Headers */ = {isa = PBXBuildFile; fileRef = 983E4F58A2DA658D57F040D7 /* MBRecognizerSerializers.h */; };
		A4CD4CD3B039C89D3BCD8497 /* MBDateParserWrapper.m in Sources */ = {isa = PBXBuildFile; fileRef = 193349168F952AA7ACF42BAF /* MBDateParserWrapper.m */; };
		A6F543018F0617D13605455B /* MBRecognizerWrapper.h in Headers */ = {isa = PBXBuildFile; fileRef = BB064F62AA6A0078D7F25F1E /* MBRecognizerWrapper.h */; };
		A8EC49A7AC8BAC7336378E23 /* MBProcessorSerializers.m in Sources */ = {isa = PBXBuildFile; fileRef = EF8C4F9BB344E2407360794B /* MBProcessorSerializers.m */; };
		AFF047A2B253C8B1C6AAE6FC /* MBBarcodeRecognizerWrapper.m in Sources */ = {isa = PBXBuildFile; fileRef = 62F7469293472A7F28DC10C2 /* MBBarcodeRecognizerWrapper.m */; };
		B00045869CEE6A30A4FDFC91 /* MBProcessorWrapper.h in Headers */ = {isa = PBXBuildFile; fileRef = 8D4B4119AC99A8F38547143A /* MBProcessorWrapper.h */; };
		B1714EE58A6F6D1164018DD8 /* MBImageReturnProcessorWrapper.m in Sources */ = {isa = PBXBuildFile; fileRef = 434D46188259FE8B0A638A65 /* MBImageReturnProcessorWrapper.m */; };
		B28D4B0F9ABB3B72F299A108 /* .gitignore in Resources */ = {isa = PBXBuildFile; fileRef = CCF847B891BA6034D535A91A /* .gitignore */; };
		BBE149FF9ACE96C0E8CBAFCA /* MBRawParserWrapper.m in Sources */ = {isa = PBXBuildFile; fileRef = AA9F498E911D62408DA8FD03 /* MBRawParserWrapper.m */; };
		BFEC44EF8987169D60849733 /* MBSerializationUtils.m in Sources */ = {isa = PBXBuildFile; fileRef = 3FCC4BD79A6BDB36159C3B31 /* MBSerializationUtils.m */; };
		C500468BAA5F51100AC08B85 /* MBBlinkInputRecognizerWrapper.h in Headers */ = {isa = PBXBuildFile; fileRef = 40F84E298EFB4A557C509343 /* MBBlinkInputRecognizerWrapper.h */; };
		CADE4CC480A0BA3F0E352AB7 /* MBDocumentCaptureOverlaySettingsSerialization.h in Headers */ = {isa = PBXBuildFile; fileRef = 43B644508FAC9A63527EAB5D /* MBDocumentCaptureOverlaySettingsSerialization.h */; };
		D1734CD8B5761C8ACFEDCA0F /* MBParserGroupProcessorWrapper.h in Headers */ = {isa = PBXBuildFile; fileRef = 50D14D6C8E7746D8B46E0CAD /* MBParserGroupProcessorWrapper.h */; };
		D3D9458EAF87BFE5DB76FB6E /* MBAmountParserWrapper.m in Sources */ = {isa = PBXBuildFile; fileRef = D75146F39DCB013A5F197D76 /* MBAmountParserWrapper.m */; };
		D6584C7E882447B4A9A4CB9A /* MBBlinkInputSerializationUtils.m in Sources */ = {isa = PBXBuildFile; fileRef = F6A44621BADDD0C2847B2CC1 /* MBBlinkInputSerializationUtils.m */; };
		E2D3456CB1FDE6579084A9C7 /* MBDocumentCaptureRecognizerWrapper.h in Headers */ = {isa = PBXBuildFile; fileRef = 6AF249F5870C4B6993401112 /* MBDocumentCaptureRecognizerWrapper.h */; };
		EDA44D85B25C721D6FA649B6 /* MBSuccessFrameGrabberRecognizerWrapper.h in Headers */ = {isa = PBXBuildFile; fileRef = A6A84F15A2BEE7241DBEEBE8 /* MBSuccessFrameGrabberRecognizerWrapper.h */; };
		F0014848A06D1B96BB27B147 /* MBParserWrapper.m in Sources */ = {isa = PBXBuildFile; fileRef = AE8E47928A403352A288D0FD /* MBParserWrapper.m */; };
		F7CB4C53987E559B03C5C424 /* MBOverlaySettingsSerializers.h in Headers */ = {isa = PBXBuildFile; fileRef = 976349DCBD5BA374D1F66261 /* MBOverlaySettingsSerializers.h */; };
		F82E4274993D819CB7130CAA /* MBRecognizerSerializers.m in Sources */ = {isa = PBXBuildFile; fileRef = A9C04D5CA1498CDE9F686859 /* MBRecognizerSerializers.m */; };
		F8BA4E7F8F1A4D241BBA29B0 /* MBOverlaySerializationUtils.m in Sources */ = {isa = PBXBuildFile; fileRef = 65F54208AD23672EDC21CBD2 /* MBOverlaySerializationUtils.m */; };
		FD1F446E81AFE0F4BE30A623 /* MBParserWrapper.h in Headers */ = {isa = PBXBuildFile; fileRef = 93C6426AAFCE8A8FF801DF2B /* MBParserWrapper.h */; };
/* End PBXBuildFile section */

/* Begin PBXCopyFilesBuildPhase section */
		A27CCA291E9E57A500BED675 /* CopyFiles */ = {
			isa = PBXCopyFilesBuildPhase;
			buildActionMask = 2147483647;
			dstPath = "include/$(PRODUCT_NAME)";
			dstSubfolderSpec = 16;
			files = (
			);
			runOnlyForDeploymentPostprocessing = 0;
		};
/* End PBXCopyFilesBuildPhase section */

/* Begin PBXFileReference section */
		00F74534AD3248F8E48B99E5 /* MBEmailParserWrapper.m */ = {isa = PBXFileReference; lastKnownFileType = sourcecode.c.objc; name = MBEmailParserWrapper.m; path = MicroblinkModule/Parsers/Wrappers/MBEmailParserWrapper.m; sourceTree = SOURCE_ROOT; };
		02DD48C0AAFABED68486D2EF /* MBAmountParserWrapper.h */ = {isa = PBXFileReference; lastKnownFileType = sourcecode.c.h; name = MBAmountParserWrapper.h; path = MicroblinkModule/Parsers/Wrappers/MBAmountParserWrapper.h; sourceTree = SOURCE_ROOT; };
		08DD4379BE55EC37DB545118 /* MBParserGroupProcessorWrapper.m */ = {isa = PBXFileReference; lastKnownFileType = sourcecode.c.objc; name = MBParserGroupProcessorWrapper.m; path = MicroblinkModule/Processors/Wrappers/MBParserGroupProcessorWrapper.m; sourceTree = SOURCE_ROOT; };
		0D1C4FB3926BA5BA03330AA8 /* MBBlinkInputSerializationUtils.h */ = {isa = PBXFileReference; lastKnownFileType = sourcecode.c.h; name = MBBlinkInputSerializationUtils.h; path = MicroblinkModule/MBBlinkInputSerializationUtils.h; sourceTree = SOURCE_ROOT; };
		0D1F446A8BEEB04D4BE20F98 /* MBBarcodeRecognizerWrapper.h */ = {isa = PBXFileReference; lastKnownFileType = sourcecode.c.h; name = MBBarcodeRecognizerWrapper.h; path = MicroblinkModule/Recognizers/Wrappers/MBBarcodeRecognizerWrapper.h; sourceTree = SOURCE_ROOT; };
		0EF2464699E4D197D6C7C7A3 /* MBRecognizerWrapper.m */ = {isa = PBXFileReference; lastKnownFileType = sourcecode.c.objc; name = MBRecognizerWrapper.m; path = MicroblinkModule/Recognizers/MBRecognizerWrapper.m; sourceTree = SOURCE_ROOT; };
		193349168F952AA7ACF42BAF /* MBDateParserWrapper.m */ = {isa = PBXFileReference; lastKnownFileType = sourcecode.c.objc; name = MBDateParserWrapper.m; path = MicroblinkModule/Parsers/Wrappers/MBDateParserWrapper.m; sourceTree = SOURCE_ROOT; };
		1CA3478EB7D2BE5B026EACFA /* MBSuccessFrameGrabberRecognizerWrapper.m */ = {isa = PBXFileReference; lastKnownFileType = sourcecode.c.objc; name = MBSuccessFrameGrabberRecognizerWrapper.m; path = MicroblinkModule/Recognizers/Wrappers/MBSuccessFrameGrabberRecognizerWrapper.m; sourceTree = SOURCE_ROOT; };
		1D6E4872BBC9C83D4FE8FBDC /* MBTopUpParserWrapper.m */ = {isa = PBXFileReference; lastKnownFileType = sourcecode.c.objc; name = MBTopUpParserWrapper.m; path = MicroblinkModule/Parsers/Wrappers/MBTopUpParserWrapper.m; sourceTree = SOURCE_ROOT; };
		208043BCA6302AB49D786F15 /* MBSimNumberRecognizerWrapper.m */ = {isa = PBXFileReference; lastKnownFileType = sourcecode.c.objc; name = MBSimNumberRecognizerWrapper.m; path = MicroblinkModule/Recognizers/Wrappers/MBSimNumberRecognizerWrapper.m; sourceTree = SOURCE_ROOT; };
		22B64CA8A17CA26DCBFA07AE /* MBFieldByFieldOverlaySettingsSerialization.h */ = {isa = PBXFileReference; lastKnownFileType = sourcecode.c.h; name = MBFieldByFieldOverlaySettingsSerialization.h; path = MicroblinkModule/Overlays/Serialization/MBFieldByFieldOverlaySettingsSerialization.h; sourceTree = SOURCE_ROOT; };
		2F7F4BBD8612CDBE84458480 /* MBOverlayViewControllerDelegate.h */ = {isa = PBXFileReference; lastKnownFileType = sourcecode.c.h; name = MBOverlayViewControllerDelegate.h; path = MicroblinkModule/Overlays/MBOverlayViewControllerDelegate.h; sourceTree = SOURCE_ROOT; };
		33CE434BAFE6AAB4D6A4C4BA /* MBDocumentCaptureOverlaySettingsSerialization.m */ = {isa = PBXFileReference; lastKnownFileType = sourcecode.c.objc; name = MBDocumentCaptureOverlaySettingsSerialization.m; path = MicroblinkModule/Overlays/Serialization/MBDocumentCaptureOverlaySettingsSerialization.m; sourceTree = SOURCE_ROOT; };
		34954AC493D19EEF8879B747 /* MBTopUpParserWrapper.h */ = {isa = PBXFileReference; lastKnownFileType = sourcecode.c.h; name = MBTopUpParserWrapper.h; path = MicroblinkModule/Parsers/Wrappers/MBTopUpParserWrapper.h; sourceTree = SOURCE_ROOT; };
		3FCC4BD79A6BDB36159C3B31 /* MBSerializationUtils.m */ = {isa = PBXFileReference; lastKnownFileType = sourcecode.c.objc; name = MBSerializationUtils.m; path = MicroblinkModule/MBSerializationUtils.m; sourceTree = SOURCE_ROOT; };
		40184014997417FE74CB7D39 /* MBFieldByFieldOverlaySettingsSerialization.m */ = {isa = PBXFileReference; lastKnownFileType = sourcecode.c.objc; name = MBFieldByFieldOverlaySettingsSerialization.m; path = MicroblinkModule/Overlays/Serialization/MBFieldByFieldOverlaySettingsSerialization.m; sourceTree = SOURCE_ROOT; };
		40F84E298EFB4A557C509343 /* MBBlinkInputRecognizerWrapper.h */ = {isa = PBXFileReference; lastKnownFileType = sourcecode.c.h; name = MBBlinkInputRecognizerWrapper.h; path = MicroblinkModule/Recognizers/Wrappers/MBBlinkInputRecognizerWrapper.h; sourceTree = SOURCE_ROOT; };
		434D46188259FE8B0A638A65 /* MBImageReturnProcessorWrapper.m */ = {isa = PBXFileReference; lastKnownFileType = sourcecode.c.objc; name = MBImageReturnProcessorWrapper.m; path = MicroblinkModule/Processors/Wrappers/MBImageReturnProcessorWrapper.m; sourceTree = SOURCE_ROOT; };
		43B644508FAC9A63527EAB5D /* MBDocumentCaptureOverlaySettingsSerialization.h */ = {isa = PBXFileReference; lastKnownFileType = sourcecode.c.h; name = MBDocumentCaptureOverlaySettingsSerialization.h; path = MicroblinkModule/Overlays/Serialization/MBDocumentCaptureOverlaySettingsSerialization.h; sourceTree = SOURCE_ROOT; };
		449749E3ADBA427543469964 /* MBEmailParserWrapper.h */ = {isa = PBXFileReference; lastKnownFileType = sourcecode.c.h; name = MBEmailParserWrapper.h; path = MicroblinkModule/Parsers/Wrappers/MBEmailParserWrapper.h; sourceTree = SOURCE_ROOT; };
		50144618AF93CB3BD68ED5A3 /* MBDocumentCaptureRecognizerWrapper.m */ = {isa = PBXFileReference; lastKnownFileType = sourcecode.c.objc; name = MBDocumentCaptureRecognizerWrapper.m; path = MicroblinkModule/Recognizers/Wrappers/MBDocumentCaptureRecognizerWrapper.m; sourceTree = SOURCE_ROOT; };
		50D14D6C8E7746D8B46E0CAD /* MBParserGroupProcessorWrapper.h */ = {isa = PBXFileReference; lastKnownFileType = sourcecode.c.h; name = MBParserGroupProcessorWrapper.h; path = MicroblinkModule/Processors/Wrappers/MBParserGroupProcessorWrapper.h; sourceTree = SOURCE_ROOT; };
		51F4494F9FA5E896111C8DB3 /* MBVinParserWrapper.h */ = {isa = PBXFileReference; lastKnownFileType = sourcecode.c.h; name = MBVinParserWrapper.h; path = MicroblinkModule/Parsers/Wrappers/MBVinParserWrapper.h; sourceTree = SOURCE_ROOT; };
		57914589BA13A8A2A8416454 /* MBIbanParserWrapper.m */ = {isa = PBXFileReference; lastKnownFileType = sourcecode.c.objc; name = MBIbanParserWrapper.m; path = MicroblinkModule/Parsers/Wrappers/MBIbanParserWrapper.m; sourceTree = SOURCE_ROOT; };
		596949BF8062ED0607D1D683 /* MBRegexParserWrapper.m */ = {isa = PBXFileReference; lastKnownFileType = sourcecode.c.objc; name = MBRegexParserWrapper.m; path = MicroblinkModule/Parsers/Wrappers/MBRegexParserWrapper.m; sourceTree = SOURCE_ROOT; };
		62F7469293472A7F28DC10C2 /* MBBarcodeRecognizerWrapper.m */ = {isa = PBXFileReference; lastKnownFileType = sourcecode.c.objc; name = MBBarcodeRecognizerWrapper.m; path = MicroblinkModule/Recognizers/Wrappers/MBBarcodeRecognizerWrapper.m; sourceTree = SOURCE_ROOT; };
		65F54208AD23672EDC21CBD2 /* MBOverlaySerializationUtils.m */ = {isa = PBXFileReference; lastKnownFileType = sourcecode.c.objc; name = MBOverlaySerializationUtils.m; path = MicroblinkModule/Overlays/MBOverlaySerializationUtils.m; sourceTree = SOURCE_ROOT; };
		6AF249F5870C4B6993401112 /* MBDocumentCaptureRecognizerWrapper.h */ = {isa = PBXFileReference; lastKnownFileType = sourcecode.c.h; name = MBDocumentCaptureRecognizerWrapper.h; path = MicroblinkModule/Recognizers/Wrappers/MBDocumentCaptureRecognizerWrapper.h; sourceTree = SOURCE_ROOT; };
		8501486BBCF37E5D61A1E3F8 /* MBOverlayVCCreator.h */ = {isa = PBXFileReference; lastKnownFileType = sourcecode.c.h; name = MBOverlayVCCreator.h; path = MicroblinkModule/Overlays/MBOverlayVCCreator.h; sourceTree = SOURCE_ROOT; };
		850D4B499F26A63EC96D0216 /* MBVinParserWrapper.m */ = {isa = PBXFileReference; lastKnownFileType = sourcecode.c.objc; name = MBVinParserWrapper.m; path = MicroblinkModule/Parsers/Wrappers/MBVinParserWrapper.m; sourceTree = SOURCE_ROOT; };
		884F4D5ABCDB3FEA3639FF22 /* MBBlinkInputRecognizerWrapper.m */ = {isa = PBXFileReference; lastKnownFileType = sourcecode.c.objc; name = MBBlinkInputRecognizerWrapper.m; path = MicroblinkModule/Recognizers/Wrappers/MBBlinkInputRecognizerWrapper.m; sourceTree = SOURCE_ROOT; };
		8D4B4119AC99A8F38547143A /* MBProcessorWrapper.h */ = {isa = PBXFileReference; lastKnownFileType = sourcecode.c.h; name = MBProcessorWrapper.h; path = MicroblinkModule/Processors/MBProcessorWrapper.h; sourceTree = SOURCE_ROOT; };
		8FA84EB5AAB55DBE23E96DEE /* MBParserSerializers.h */ = {isa = PBXFileReference; lastKnownFileType = sourcecode.c.h; name = MBParserSerializers.h; path = MicroblinkModule/Parsers/MBParserSerializers.h; sourceTree = SOURCE_ROOT; };
		9144467AB475BB4ED5163E1D /* MBCommonSerializationUtils.h */ = {isa = PBXFileReference; lastKnownFileType = sourcecode.c.h; name = MBCommonSerializationUtils.h; path = MicroblinkModule/MBCommonSerializationUtils.h; sourceTree = SOURCE_ROOT; };
		93C6426AAFCE8A8FF801DF2B /* MBParserWrapper.h */ = {isa = PBXFileReference; lastKnownFileType = sourcecode.c.h; name = MBParserWrapper.h; path = MicroblinkModule/Parsers/MBParserWrapper.h; sourceTree = SOURCE_ROOT; };
		956F49ACB5D1CB35F9E6854A /* MBBarcodeOverlaySettingsSerialization.h */ = {isa = PBXFileReference; lastKnownFileType = sourcecode.c.h; name = MBBarcodeOverlaySettingsSerialization.h; path = MicroblinkModule/Overlays/Serialization/MBBarcodeOverlaySettingsSerialization.h; sourceTree = SOURCE_ROOT; };
		974B4B648E52207187A57AA7 /* MBRegexParserWrapper.h */ = {isa = PBXFileReference; lastKnownFileType = sourcecode.c.h; name = MBRegexParserWrapper.h; path = MicroblinkModule/Parsers/Wrappers/MBRegexParserWrapper.h; sourceTree = SOURCE_ROOT; };
		976349DCBD5BA374D1F66261 /* MBOverlaySettingsSerializers.h */ = {isa = PBXFileReference; lastKnownFileType = sourcecode.c.h; name = MBOverlaySettingsSerializers.h; path = MicroblinkModule/Overlays/MBOverlaySettingsSerializers.h; sourceTree = SOURCE_ROOT; };
		983E4F58A2DA658D57F040D7 /* MBRecognizerSerializers.h */ = {isa = PBXFileReference; lastKnownFileType = sourcecode.c.h; name = MBRecognizerSerializers.h; path = MicroblinkModule/Recognizers/MBRecognizerSerializers.h; sourceTree = SOURCE_ROOT; };
		9B7C48ED8D1A594F68B88B72 /* MBOverlaySettingsSerializers.m */ = {isa = PBXFileReference; lastKnownFileType = sourcecode.c.objc; name = MBOverlaySettingsSerializers.m; path = MicroblinkModule/Overlays/MBOverlaySettingsSerializers.m; sourceTree = SOURCE_ROOT; };
		9F294E75897A74D87154DAF2 /* MBLicensePlatesParserWrapper.m */ = {isa = PBXFileReference; lastKnownFileType = sourcecode.c.objc; name = MBLicensePlatesParserWrapper.m; path = MicroblinkModule/Parsers/Wrappers/MBLicensePlatesParserWrapper.m; sourceTree = SOURCE_ROOT; };
		A1B641C7ADED7451302C6646 /* MBSerializationUtils.h */ = {isa = PBXFileReference; lastKnownFileType = sourcecode.c.h; name = MBSerializationUtils.h; path = MicroblinkModule/MBSerializationUtils.h; sourceTree = SOURCE_ROOT; };
		A27CCA2B1E9E57A500BED675 /* libMicroblinkModule.a */ = {isa = PBXFileReference; explicitFileType = archive.ar; includeInIndex = 0; path = libMicroblinkModule.a; sourceTree = BUILT_PRODUCTS_DIR; };
		A27CCA381E9E57C900BED675 /* AudioToolbox.framework */ = {isa = PBXFileReference; lastKnownFileType = wrapper.framework; name = AudioToolbox.framework; path = System/Library/Frameworks/AudioToolbox.framework; sourceTree = SDKROOT; };
		A27CCA3A1E9E57CF00BED675 /* Accelerate.framework */ = {isa = PBXFileReference; lastKnownFileType = wrapper.framework; name = Accelerate.framework; path = System/Library/Frameworks/Accelerate.framework; sourceTree = SDKROOT; };
		A27CCA3C1E9E57D600BED675 /* AVFoundation.framework */ = {isa = PBXFileReference; lastKnownFileType = wrapper.framework; name = AVFoundation.framework; path = System/Library/Frameworks/AVFoundation.framework; sourceTree = SDKROOT; };
		A27CCA3E1E9E57DA00BED675 /* CoreMedia.framework */ = {isa = PBXFileReference; lastKnownFileType = wrapper.framework; name = CoreMedia.framework; path = System/Library/Frameworks/CoreMedia.framework; sourceTree = SDKROOT; };
		A27CCA411E9E5D9400BED675 /* CoreFoundation.framework */ = {isa = PBXFileReference; lastKnownFileType = wrapper.framework; name = CoreFoundation.framework; path = System/Library/Frameworks/CoreFoundation.framework; sourceTree = SDKROOT; };
		A57F4192BF84364DB6E91875 /* MBOverlaySerializationUtils.h */ = {isa = PBXFileReference; lastKnownFileType = sourcecode.c.h; name = MBOverlaySerializationUtils.h; path = MicroblinkModule/Overlays/MBOverlaySerializationUtils.h; sourceTree = SOURCE_ROOT; };
		A6A84F15A2BEE7241DBEEBE8 /* MBSuccessFrameGrabberRecognizerWrapper.h */ = {isa = PBXFileReference; lastKnownFileType = sourcecode.c.h; name = MBSuccessFrameGrabberRecognizerWrapper.h; path = MicroblinkModule/Recognizers/Wrappers/MBSuccessFrameGrabberRecognizerWrapper.h; sourceTree = SOURCE_ROOT; };
		A9C04D5CA1498CDE9F686859 /* MBRecognizerSerializers.m */ = {isa = PBXFileReference; lastKnownFileType = sourcecode.c.objc; name = MBRecognizerSerializers.m; path = MicroblinkModule/Recognizers/MBRecognizerSerializers.m; sourceTree = SOURCE_ROOT; };
		AA9F498E911D62408DA8FD03 /* MBRawParserWrapper.m */ = {isa = PBXFileReference; lastKnownFileType = sourcecode.c.objc; name = MBRawParserWrapper.m; path = MicroblinkModule/Parsers/Wrappers/MBRawParserWrapper.m; sourceTree = SOURCE_ROOT; };
		AE8E47928A403352A288D0FD /* MBParserWrapper.m */ = {isa = PBXFileReference; lastKnownFileType = sourcecode.c.objc; name = MBParserWrapper.m; path = MicroblinkModule/Parsers/MBParserWrapper.m; sourceTree = SOURCE_ROOT; };
		BB064F62AA6A0078D7F25F1E /* MBRecognizerWrapper.h */ = {isa = PBXFileReference; lastKnownFileType = sourcecode.c.h; name = MBRecognizerWrapper.h; path = MicroblinkModule/Recognizers/MBRecognizerWrapper.h; sourceTree = SOURCE_ROOT; };
		BE384A7ABD4BFF5C7D9CD8BF /* MBLicensePlatesParserWrapper.h */ = {isa = PBXFileReference; lastKnownFileType = sourcecode.c.h; name = MBLicensePlatesParserWrapper.h; path = MicroblinkModule/Parsers/Wrappers/MBLicensePlatesParserWrapper.h; sourceTree = SOURCE_ROOT; };
		BED541A7BE5C7ED9DD440E16 /* MBBarcodeOverlaySettingsSerialization.m */ = {isa = PBXFileReference; lastKnownFileType = sourcecode.c.objc; name = MBBarcodeOverlaySettingsSerialization.m; path = MicroblinkModule/Overlays/Serialization/MBBarcodeOverlaySettingsSerialization.m; sourceTree = SOURCE_ROOT; };
		C42E4F009CE3D67B1F80C37F /* MBDateParserWrapper.h */ = {isa = PBXFileReference; lastKnownFileType = sourcecode.c.h; name = MBDateParserWrapper.h; path = MicroblinkModule/Parsers/Wrappers/MBDateParserWrapper.h; sourceTree = SOURCE_ROOT; };
		CCF847B891BA6034D535A91A /* .gitignore */ = {isa = PBXFileReference; lastKnownFileType = text; name = .gitignore; path = MicroblinkModule/Overlays/Serialization/.gitignore; sourceTree = SOURCE_ROOT; };
		CD614708926DAB1125520A3A /* MBMicroblinkModule.h */ = {isa = PBXFileReference; lastKnownFileType = sourcecode.c.h; name = MBMicroblinkModule.h; path = MicroblinkModule/MBMicroblinkModule.h; sourceTree = SOURCE_ROOT; };
		D4734F07A4C150F999673CE0 /* MBMicroblinkModule.m */ = {isa = PBXFileReference; lastKnownFileType = sourcecode.c.objc; name = MBMicroblinkModule.m; path = MicroblinkModule/MBMicroblinkModule.m; sourceTree = SOURCE_ROOT; };
		D4E64EC0B29EC22347594AB4 /* MBPdf417RecognizerWrapper.m */ = {isa = PBXFileReference; lastKnownFileType = sourcecode.c.objc; name = MBPdf417RecognizerWrapper.m; path = MicroblinkModule/Recognizers/Wrappers/MBPdf417RecognizerWrapper.m; sourceTree = SOURCE_ROOT; };
		D503418B8CE2C8CD1D517678 /* MBIbanParserWrapper.h */ = {isa = PBXFileReference; lastKnownFileType = sourcecode.c.h; name = MBIbanParserWrapper.h; path = MicroblinkModule/Parsers/Wrappers/MBIbanParserWrapper.h; sourceTree = SOURCE_ROOT; };
		D5354FCF830E149A6123E052 /* MBProcessorSerializers.h */ = {isa = PBXFileReference; lastKnownFileType = sourcecode.c.h; name = MBProcessorSerializers.h; path = MicroblinkModule/Processors/MBProcessorSerializers.h; sourceTree = SOURCE_ROOT; };
		D5A445779A4499E6B94FA225 /* MBCommonSerializationUtils.m */ = {isa = PBXFileReference; lastKnownFileType = sourcecode.c.objc; name = MBCommonSerializationUtils.m; path = MicroblinkModule/MBCommonSerializationUtils.m; sourceTree = SOURCE_ROOT; };
		D75146F39DCB013A5F197D76 /* MBAmountParserWrapper.m */ = {isa = PBXFileReference; lastKnownFileType = sourcecode.c.objc; name = MBAmountParserWrapper.m; path = MicroblinkModule/Parsers/Wrappers/MBAmountParserWrapper.m; sourceTree = SOURCE_ROOT; };
		DAFC41C685664B28ED637B8E /* MBSimNumberRecognizerWrapper.h */ = {isa = PBXFileReference; lastKnownFileType = sourcecode.c.h; name = MBSimNumberRecognizerWrapper.h; path = MicroblinkModule/Recognizers/Wrappers/MBSimNumberRecognizerWrapper.h; sourceTree = SOURCE_ROOT; };
		E2B74178A507343ADFF71F39 /* MBProcessorWrapper.m */ = {isa = PBXFileReference; lastKnownFileType = sourcecode.c.objc; name = MBProcessorWrapper.m; path = MicroblinkModule/Processors/MBProcessorWrapper.m; sourceTree = SOURCE_ROOT; };
		E72A4206802AA3C20F1B471E /* MBPdf417RecognizerWrapper.h */ = {isa = PBXFileReference; lastKnownFileType = sourcecode.c.h; name = MBPdf417RecognizerWrapper.h; path = MicroblinkModule/Recognizers/Wrappers/MBPdf417RecognizerWrapper.h; sourceTree = SOURCE_ROOT; };
		EF8C4F9BB344E2407360794B /* MBProcessorSerializers.m */ = {isa = PBXFileReference; lastKnownFileType = sourcecode.c.objc; name = MBProcessorSerializers.m; path = MicroblinkModule/Processors/MBProcessorSerializers.m; sourceTree = SOURCE_ROOT; };
		F65E4125A3819D2F85A3476B /* MBRawParserWrapper.h */ = {isa = PBXFileReference; lastKnownFileType = sourcecode.c.h; name = MBRawParserWrapper.h; path = MicroblinkModule/Parsers/Wrappers/MBRawParserWrapper.h; sourceTree = SOURCE_ROOT; };
		F6A44621BADDD0C2847B2CC1 /* MBBlinkInputSerializationUtils.m */ = {isa = PBXFileReference; lastKnownFileType = sourcecode.c.objc; name = MBBlinkInputSerializationUtils.m; path = MicroblinkModule/MBBlinkInputSerializationUtils.m; sourceTree = SOURCE_ROOT; };
		F72341F9BA323620A50EA55A /* MBImageReturnProcessorWrapper.h */ = {isa = PBXFileReference; lastKnownFileType = sourcecode.c.h; name = MBImageReturnProcessorWrapper.h; path = MicroblinkModule/Processors/Wrappers/MBImageReturnProcessorWrapper.h; sourceTree = SOURCE_ROOT; };
		F96D4D48A3A0D8AF3CE5A3B7 /* MBParserSerializers.m */ = {isa = PBXFileReference; lastKnownFileType = sourcecode.c.objc; name = MBParserSerializers.m; path = MicroblinkModule/Parsers/MBParserSerializers.m; sourceTree = SOURCE_ROOT; };
/* End PBXFileReference section */

/* Begin PBXFrameworksBuildPhase section */
		A27CCA281E9E57A500BED675 /* Frameworks */ = {
			isa = PBXFrameworksBuildPhase;
			buildActionMask = 2147483647;
			files = (
				A27CCA441E9E5DAE00BED675 /* CoreMedia.framework in Frameworks */,
				A27CCA431E9E5D9900BED675 /* AudioToolbox.framework in Frameworks */,
				A27CCA421E9E5D9400BED675 /* CoreFoundation.framework in Frameworks */,
				A27CCA401E9E5D8D00BED675 /* Accelerate.framework in Frameworks */,
			);
			runOnlyForDeploymentPostprocessing = 0;
		};
/* End PBXFrameworksBuildPhase section */

/* Begin PBXGroup section */
		2AF94744B0D9EA98877106DD /* Recognizers */ = {
			isa = PBXGroup;
			children = (
				BB064F62AA6A0078D7F25F1E /* MBRecognizerWrapper.h */,
				CB104294874AD2AAD9D1E906 /* Wrappers */,
				983E4F58A2DA658D57F040D7 /* MBRecognizerSerializers.h */,
				0EF2464699E4D197D6C7C7A3 /* MBRecognizerWrapper.m */,
				A9C04D5CA1498CDE9F686859 /* MBRecognizerSerializers.m */,
			);
			name = Recognizers;
			path = "/Users/juraskrlec/Documents/projects/BlinkInput/CrossPlatforms/blinkinput-react-native/BlinkInput/src/ios/MicroblinkModule/MicroblinkModule/Recognizers";
			sourceTree = "<group>";
		};
		59F343E0A072A4BCF0B55610 /* Processors */ = {
			isa = PBXGroup;
			children = (
				5A46415AA48A80B3359B90E1 /* Wrappers */,
				E2B74178A507343ADFF71F39 /* MBProcessorWrapper.m */,
				EF8C4F9BB344E2407360794B /* MBProcessorSerializers.m */,
				D5354FCF830E149A6123E052 /* MBProcessorSerializers.h */,
				8D4B4119AC99A8F38547143A /* MBProcessorWrapper.h */,
			);
			name = Processors;
			path = "/Users/juraskrlec/Documents/projects/BlinkInput/CrossPlatforms/blinkinput-react-native/BlinkInput/src/ios/MicroblinkModule/MicroblinkModule/Processors";
			sourceTree = "<group>";
		};
		5A46415AA48A80B3359B90E1 /* Wrappers */ = {
			isa = PBXGroup;
			children = (
				50D14D6C8E7746D8B46E0CAD /* MBParserGroupProcessorWrapper.h */,
				F72341F9BA323620A50EA55A /* MBImageReturnProcessorWrapper.h */,
				08DD4379BE55EC37DB545118 /* MBParserGroupProcessorWrapper.m */,
				434D46188259FE8B0A638A65 /* MBImageReturnProcessorWrapper.m */,
			);
			name = Wrappers;
			path = "/Users/juraskrlec/Documents/projects/BlinkInput/CrossPlatforms/blinkinput-react-native/BlinkInput/src/ios/MicroblinkModule/MicroblinkModule/Processors/Wrappers";
			sourceTree = "<group>";
		};
		67F8437D87EB5A4C0D441462 /* Serialization */ = {
			isa = PBXGroup;
			children = (
				22B64CA8A17CA26DCBFA07AE /* MBFieldByFieldOverlaySettingsSerialization.h */,
				956F49ACB5D1CB35F9E6854A /* MBBarcodeOverlaySettingsSerialization.h */,
				43B644508FAC9A63527EAB5D /* MBDocumentCaptureOverlaySettingsSerialization.h */,
				40184014997417FE74CB7D39 /* MBFieldByFieldOverlaySettingsSerialization.m */,
				CCF847B891BA6034D535A91A /* .gitignore */,
				33CE434BAFE6AAB4D6A4C4BA /* MBDocumentCaptureOverlaySettingsSerialization.m */,
				BED541A7BE5C7ED9DD440E16 /* MBBarcodeOverlaySettingsSerialization.m */,
			);
			name = Serialization;
			path = "/Users/juraskrlec/Documents/projects/BlinkInput/CrossPlatforms/blinkinput-react-native/BlinkInput/src/ios/MicroblinkModule/MicroblinkModule/Overlays/Serialization";
			sourceTree = "<group>";
		};
		9DBD49939D7838901BED958C /* Overlays */ = {
			isa = PBXGroup;
			children = (
				65F54208AD23672EDC21CBD2 /* MBOverlaySerializationUtils.m */,
				67F8437D87EB5A4C0D441462 /* Serialization */,
				8501486BBCF37E5D61A1E3F8 /* MBOverlayVCCreator.h */,
				9B7C48ED8D1A594F68B88B72 /* MBOverlaySettingsSerializers.m */,
				A57F4192BF84364DB6E91875 /* MBOverlaySerializationUtils.h */,
				2F7F4BBD8612CDBE84458480 /* MBOverlayViewControllerDelegate.h */,
				976349DCBD5BA374D1F66261 /* MBOverlaySettingsSerializers.h */,
			);
			name = Overlays;
			path = "/Users/juraskrlec/Documents/projects/BlinkInput/CrossPlatforms/blinkinput-react-native/BlinkInput/src/ios/MicroblinkModule/MicroblinkModule/Overlays";
			sourceTree = "<group>";
		};
		A0BF457D954F6986E2E39162 /* MicroblinkModule */ = {
			isa = PBXGroup;
			children = (
				F6A44621BADDD0C2847B2CC1 /* MBBlinkInputSerializationUtils.m */,
				FA434C0AAC250082101A2C4C /* Parsers */,
				D5A445779A4499E6B94FA225 /* MBCommonSerializationUtils.m */,
				9DBD49939D7838901BED958C /* Overlays */,
				3FCC4BD79A6BDB36159C3B31 /* MBSerializationUtils.m */,
				D4734F07A4C150F999673CE0 /* MBMicroblinkModule.m */,
				0D1C4FB3926BA5BA03330AA8 /* MBBlinkInputSerializationUtils.h */,
				59F343E0A072A4BCF0B55610 /* Processors */,
				2AF94744B0D9EA98877106DD /* Recognizers */,
				9144467AB475BB4ED5163E1D /* MBCommonSerializationUtils.h */,
				CD614708926DAB1125520A3A /* MBMicroblinkModule.h */,
				A1B641C7ADED7451302C6646 /* MBSerializationUtils.h */,
			);
			name = MicroblinkModule;
			path = "/Users/juraskrlec/Documents/projects/BlinkInput/CrossPlatforms/blinkinput-react-native/BlinkInput/src/ios/MicroblinkModule/MicroblinkModule";
			sourceTree = "<group>";
		};
		A27CCA221E9E57A500BED675 = {
			isa = PBXGroup;
			children = (
				A27CCA2C1E9E57A500BED675 /* Products */,
				A27CCA371E9E57C900BED675 /* Frameworks */,
				A0BF457D954F6986E2E39162 /* MicroblinkModule */,
			);
			sourceTree = "<group>";
		};
		A27CCA2C1E9E57A500BED675 /* Products */ = {
			isa = PBXGroup;
			children = (
				A27CCA2B1E9E57A500BED675 /* libMicroblinkModule.a */,
			);
			name = Products;
			sourceTree = "<group>";
		};
		A27CCA371E9E57C900BED675 /* Frameworks */ = {
			isa = PBXGroup;
			children = (
				A27CCA411E9E5D9400BED675 /* CoreFoundation.framework */,
				A27CCA3E1E9E57DA00BED675 /* CoreMedia.framework */,
				A27CCA3C1E9E57D600BED675 /* AVFoundation.framework */,
				A27CCA3A1E9E57CF00BED675 /* Accelerate.framework */,
				A27CCA381E9E57C900BED675 /* AudioToolbox.framework */,
			);
			name = Frameworks;
			sourceTree = "<group>";
		};
		CB104294874AD2AAD9D1E906 /* Wrappers */ = {
			isa = PBXGroup;
			children = (
				208043BCA6302AB49D786F15 /* MBSimNumberRecognizerWrapper.m */,
				50144618AF93CB3BD68ED5A3 /* MBDocumentCaptureRecognizerWrapper.m */,
				E72A4206802AA3C20F1B471E /* MBPdf417RecognizerWrapper.h */,
				0D1F446A8BEEB04D4BE20F98 /* MBBarcodeRecognizerWrapper.h */,
				A6A84F15A2BEE7241DBEEBE8 /* MBSuccessFrameGrabberRecognizerWrapper.h */,
				884F4D5ABCDB3FEA3639FF22 /* MBBlinkInputRecognizerWrapper.m */,
				6AF249F5870C4B6993401112 /* MBDocumentCaptureRecognizerWrapper.h */,
				DAFC41C685664B28ED637B8E /* MBSimNumberRecognizerWrapper.h */,
				D4E64EC0B29EC22347594AB4 /* MBPdf417RecognizerWrapper.m */,
				40F84E298EFB4A557C509343 /* MBBlinkInputRecognizerWrapper.h */,
				1CA3478EB7D2BE5B026EACFA /* MBSuccessFrameGrabberRecognizerWrapper.m */,
				62F7469293472A7F28DC10C2 /* MBBarcodeRecognizerWrapper.m */,
			);
			name = Wrappers;
			path = "/Users/juraskrlec/Documents/projects/BlinkInput/CrossPlatforms/blinkinput-react-native/BlinkInput/src/ios/MicroblinkModule/MicroblinkModule/Recognizers/Wrappers";
			sourceTree = "<group>";
		};
		F6EF427394659884437F80DA /* Wrappers */ = {
			isa = PBXGroup;
			children = (
				850D4B499F26A63EC96D0216 /* MBVinParserWrapper.m */,
				9F294E75897A74D87154DAF2 /* MBLicensePlatesParserWrapper.m */,
				C42E4F009CE3D67B1F80C37F /* MBDateParserWrapper.h */,
				F65E4125A3819D2F85A3476B /* MBRawParserWrapper.h */,
				34954AC493D19EEF8879B747 /* MBTopUpParserWrapper.h */,
				D75146F39DCB013A5F197D76 /* MBAmountParserWrapper.m */,
				D503418B8CE2C8CD1D517678 /* MBIbanParserWrapper.h */,
				00F74534AD3248F8E48B99E5 /* MBEmailParserWrapper.m */,
				596949BF8062ED0607D1D683 /* MBRegexParserWrapper.m */,
				AA9F498E911D62408DA8FD03 /* MBRawParserWrapper.m */,
				193349168F952AA7ACF42BAF /* MBDateParserWrapper.m */,
				BE384A7ABD4BFF5C7D9CD8BF /* MBLicensePlatesParserWrapper.h */,
				51F4494F9FA5E896111C8DB3 /* MBVinParserWrapper.h */,
				1D6E4872BBC9C83D4FE8FBDC /* MBTopUpParserWrapper.m */,
				449749E3ADBA427543469964 /* MBEmailParserWrapper.h */,
				57914589BA13A8A2A8416454 /* MBIbanParserWrapper.m */,
				02DD48C0AAFABED68486D2EF /* MBAmountParserWrapper.h */,
				974B4B648E52207187A57AA7 /* MBRegexParserWrapper.h */,
			);
			name = Wrappers;
			path = "/Users/juraskrlec/Documents/projects/BlinkInput/CrossPlatforms/blinkinput-react-native/BlinkInput/src/ios/MicroblinkModule/MicroblinkModule/Parsers/Wrappers";
			sourceTree = "<group>";
		};
		FA434C0AAC250082101A2C4C /* Parsers */ = {
			isa = PBXGroup;
			children = (
				F6EF427394659884437F80DA /* Wrappers */,
				93C6426AAFCE8A8FF801DF2B /* MBParserWrapper.h */,
				F96D4D48A3A0D8AF3CE5A3B7 /* MBParserSerializers.m */,
				AE8E47928A403352A288D0FD /* MBParserWrapper.m */,
				8FA84EB5AAB55DBE23E96DEE /* MBParserSerializers.h */,
			);
			name = Parsers;
			path = "/Users/juraskrlec/Documents/projects/BlinkInput/CrossPlatforms/blinkinput-react-native/BlinkInput/src/ios/MicroblinkModule/MicroblinkModule/Parsers";
			sourceTree = "<group>";
		};
/* End PBXGroup section */

/* Begin PBXHeadersBuildPhase section */
		A4C9412488391A89CB8AF5B5 /* Headers */ = {
			isa = PBXHeadersBuildPhase;
			buildActionMask = 2147483647;
			files = (
				4A7F4D738D329A62CC9BCA85 /* MBDateParserWrapper.h in Headers */,
				0F0D4B85956DB5ACBDFE7016 /* MBRawParserWrapper.h in Headers */,
				4B2F417587A958D795058B53 /* MBTopUpParserWrapper.h in Headers */,
				16CD4B81BC89E27A191C1374 /* MBIbanParserWrapper.h in Headers */,
				2B394CD4AEE72BBF1CF9596B /* MBLicensePlatesParserWrapper.h in Headers */,
				2E9F478283811AE8462F8A79 /* MBVinParserWrapper.h in Headers */,
				54B24F788AD16AA0758A9138 /* MBEmailParserWrapper.h in Headers */,
				5BE54413B91B188498D92D03 /* MBAmountParserWrapper.h in Headers */,
				1DDC472D954DE504C81AB350 /* MBRegexParserWrapper.h in Headers */,
				FD1F446E81AFE0F4BE30A623 /* MBParserWrapper.h in Headers */,
				9E3442B9B212E9721FA6E243 /* MBParserSerializers.h in Headers */,
				37E748B896E4283159BD8CE6 /* MBFieldByFieldOverlaySettingsSerialization.h in Headers */,
				477646B2BFC2B7C38A30E319 /* MBBarcodeOverlaySettingsSerialization.h in Headers */,
				CADE4CC480A0BA3F0E352AB7 /* MBDocumentCaptureOverlaySettingsSerialization.h in Headers */,
				7A454D3A8D7E9D6598BE245C /* MBOverlayVCCreator.h in Headers */,
				160A4EA4A9B2F8E584B05604 /* MBOverlaySerializationUtils.h in Headers */,
				4B5C4813A5F8F0F8EDAD1CE1 /* MBOverlayViewControllerDelegate.h in Headers */,
				F7CB4C53987E559B03C5C424 /* MBOverlaySettingsSerializers.h in Headers */,
				02DE4F67BA5A08E4D17B10DD /* MBBlinkInputSerializationUtils.h in Headers */,
				D1734CD8B5761C8ACFEDCA0F /* MBParserGroupProcessorWrapper.h in Headers */,
				05754B84858BA97B6720BC25 /* MBImageReturnProcessorWrapper.h in Headers */,
				53FE4280973EFE62540AF7E7 /* MBProcessorSerializers.h in Headers */,
				B00045869CEE6A30A4FDFC91 /* MBProcessorWrapper.h in Headers */,
				A6F543018F0617D13605455B /* MBRecognizerWrapper.h in Headers */,
				7C0C4C01A7448237D98CCD16 /* MBPdf417RecognizerWrapper.h in Headers */,
				252D4BF8987B2E266C8484C0 /* MBBarcodeRecognizerWrapper.h in Headers */,
				EDA44D85B25C721D6FA649B6 /* MBSuccessFrameGrabberRecognizerWrapper.h in Headers */,
				E2D3456CB1FDE6579084A9C7 /* MBDocumentCaptureRecognizerWrapper.h in Headers */,
				716544598466C37BB7140E9F /* MBSimNumberRecognizerWrapper.h in Headers */,
				C500468BAA5F51100AC08B85 /* MBBlinkInputRecognizerWrapper.h in Headers */,
				A2E24EEE8D2FBEBFD4376A6F /* MBRecognizerSerializers.h in Headers */,
				7C3B4F07A918E2A15C69DAB0 /* MBCommonSerializationUtils.h in Headers */,
				728D42B6BFA6E37ECF2250DB /* MBMicroblinkModule.h in Headers */,
				9A2A4B16BC3D5C1ACA079282 /* MBSerializationUtils.h in Headers */,
			);
			runOnlyForDeploymentPostprocessing = 0;
		};
/* End PBXHeadersBuildPhase section */

/* Begin PBXNativeTarget section */
		A27CCA2A1E9E57A500BED675 /* MicroblinkModule */ = {
			isa = PBXNativeTarget;
			buildConfigurationList = A27CCA341E9E57A500BED675 /* Build configuration list for PBXNativeTarget "MicroblinkModule" */;
			buildPhases = (
				A27CCA271E9E57A500BED675 /* Sources */,
				A27CCA281E9E57A500BED675 /* Frameworks */,
				A27CCA291E9E57A500BED675 /* CopyFiles */,
				A4C9412488391A89CB8AF5B5 /* Headers */,
				65154C53864C2472627CB2D8 /* Resources */,
			);
			buildRules = (
			);
			dependencies = (
			);
			name = MicroblinkModule;
			productName = BlinkIDReactNative;
			productReference = A27CCA2B1E9E57A500BED675 /* libMicroblinkModule.a */;
			productType = "com.apple.product-type.library.static";
		};
/* End PBXNativeTarget section */

/* Begin PBXProject section */
		A27CCA231E9E57A500BED675 /* Project object */ = {
			isa = PBXProject;
			attributes = {
				LastUpgradeCheck = 830;
				ORGANIZATIONNAME = "Jura Skrlec";
				TargetAttributes = {
					A27CCA2A1E9E57A500BED675 = {
						CreatedOnToolsVersion = 8.3.1;
						DevelopmentTeam = CQTJWP89J7;
						ProvisioningStyle = Automatic;
					};
				};
			};
			buildConfigurationList = A27CCA261E9E57A500BED675 /* Build configuration list for PBXProject "BlinkIDReactNative" */;
			compatibilityVersion = "Xcode 3.2";
			developmentRegion = English;
			hasScannedForEncodings = 0;
			knownRegions = (
				English,
				en,
			);
			mainGroup = A27CCA221E9E57A500BED675;
			productRefGroup = A27CCA2C1E9E57A500BED675 /* Products */;
			projectDirPath = "";
			projectRoot = "";
			targets = (
				A27CCA2A1E9E57A500BED675 /* MicroblinkModule */,
			);
		};
/* End PBXProject section */

/* Begin PBXResourcesBuildPhase section */
		65154C53864C2472627CB2D8 /* Resources */ = {
			isa = PBXResourcesBuildPhase;
			buildActionMask = 2147483647;
			files = (
				B28D4B0F9ABB3B72F299A108 /* .gitignore in Resources */,
			);
			runOnlyForDeploymentPostprocessing = 0;
		};
/* End PBXResourcesBuildPhase section */

/* Begin PBXSourcesBuildPhase section */
		A27CCA271E9E57A500BED675 /* Sources */ = {
			isa = PBXSourcesBuildPhase;
			buildActionMask = 2147483647;
			files = (
				D6584C7E882447B4A9A4CB9A /* MBBlinkInputSerializationUtils.m in Sources */,
				27AB455FBA74D2236DC97E24 /* MBVinParserWrapper.m in Sources */,
				1583444B87E2A16A83B759C7 /* MBLicensePlatesParserWrapper.m in Sources */,
				D3D9458EAF87BFE5DB76FB6E /* MBAmountParserWrapper.m in Sources */,
				3D8947B5B43D2D66BE231A08 /* MBEmailParserWrapper.m in Sources */,
				9C244E56A503DA5A8A586201 /* MBRegexParserWrapper.m in Sources */,
				BBE149FF9ACE96C0E8CBAFCA /* MBRawParserWrapper.m in Sources */,
				A4CD4CD3B039C89D3BCD8497 /* MBDateParserWrapper.m in Sources */,
				964B4E69A2AFB4E5E1782F78 /* MBTopUpParserWrapper.m in Sources */,
				37644585A88B7B18EC96DA69 /* MBIbanParserWrapper.m in Sources */,
				81A240149D2843D21F87C193 /* MBParserSerializers.m in Sources */,
				F0014848A06D1B96BB27B147 /* MBParserWrapper.m in Sources */,
				57E042F6AB33F20EA03AB51A /* MBCommonSerializationUtils.m in Sources */,
				F8BA4E7F8F1A4D241BBA29B0 /* MBOverlaySerializationUtils.m in Sources */,
				646144F3AD49CDB2C6FF548F /* MBFieldByFieldOverlaySettingsSerialization.m in Sources */,
				7D724018A0FB0EA68F48C7FB /* MBDocumentCaptureOverlaySettingsSerialization.m in Sources */,
				4ECA4B21A37BCF7C41D31534 /* MBBarcodeOverlaySettingsSerialization.m in Sources */,
				7BBD49D5BB7260F9E95EB31D /* MBOverlaySettingsSerializers.m in Sources */,
				BFEC44EF8987169D60849733 /* MBSerializationUtils.m in Sources */,
				9C974FDC9ED1418DE9EA85D0 /* MBMicroblinkModule.m in Sources */,
				4631475B9261958702E293F2 /* MBParserGroupProcessorWrapper.m in Sources */,
				B1714EE58A6F6D1164018DD8 /* MBImageReturnProcessorWrapper.m in Sources */,
				92814837811DE31C0248B6F3 /* MBProcessorWrapper.m in Sources */,
				A8EC49A7AC8BAC7336378E23 /* MBProcessorSerializers.m in Sources */,
				47F94565BA4A8D157D950186 /* MBSimNumberRecognizerWrapper.m in Sources */,
				55E14659BC4B1E9D7F6E1AB0 /* MBDocumentCaptureRecognizerWrapper.m in Sources */,
				47F449888001F64C637063EA /* MBBlinkInputRecognizerWrapper.m in Sources */,
				3A7043F09AB2D22CFB6D7567 /* MBPdf417RecognizerWrapper.m in Sources */,
				545145928FEA04B56868ADDD /* MBSuccessFrameGrabberRecognizerWrapper.m in Sources */,
				AFF047A2B253C8B1C6AAE6FC /* MBBarcodeRecognizerWrapper.m in Sources */,
				5D454AF7B9968145F6FA3AE9 /* MBRecognizerWrapper.m in Sources */,
				F82E4274993D819CB7130CAA /* MBRecognizerSerializers.m in Sources */,
			);
			runOnlyForDeploymentPostprocessing = 0;
		};
/* End PBXSourcesBuildPhase section */

/* Begin XCBuildConfiguration section */
		A27CCA321E9E57A500BED675 /* Debug */ = {
			isa = XCBuildConfiguration;
			buildSettings = {
				ALWAYS_SEARCH_USER_PATHS = NO;
				CLANG_ANALYZER_NONNULL = YES;
				CLANG_ANALYZER_NUMBER_OBJECT_CONVERSION = YES_AGGRESSIVE;
				CLANG_CXX_LANGUAGE_STANDARD = "gnu++0x";
				CLANG_CXX_LIBRARY = "libc++";
				CLANG_ENABLE_MODULES = YES;
				CLANG_ENABLE_OBJC_ARC = YES;
				CLANG_WARN_BOOL_CONVERSION = YES;
				CLANG_WARN_CONSTANT_CONVERSION = YES;
				CLANG_WARN_DIRECT_OBJC_ISA_USAGE = YES_ERROR;
				CLANG_WARN_DOCUMENTATION_COMMENTS = YES;
				CLANG_WARN_EMPTY_BODY = YES;
				CLANG_WARN_ENUM_CONVERSION = YES;
				CLANG_WARN_INFINITE_RECURSION = YES;
				CLANG_WARN_INT_CONVERSION = YES;
				CLANG_WARN_OBJC_ROOT_CLASS = YES_ERROR;
				CLANG_WARN_SUSPICIOUS_MOVE = YES;
				CLANG_WARN_UNREACHABLE_CODE = YES;
				CLANG_WARN__DUPLICATE_METHOD_MATCH = YES;
				"CODE_SIGN_IDENTITY[sdk=iphoneos*]" = "iPhone Developer";
				COPY_PHASE_STRIP = NO;
				DEBUG_INFORMATION_FORMAT = dwarf;
				ENABLE_STRICT_OBJC_MSGSEND = YES;
				ENABLE_TESTABILITY = YES;
				FRAMEWORK_SEARCH_PATHS = "/Users/juraskrlec/Documents/projects/blinkid-react-native-custom/blinkid-react-native/BlinkIDReactNative/ios/Pods/PPBlinkID";
				GCC_C_LANGUAGE_STANDARD = gnu99;
				GCC_DYNAMIC_NO_PIC = NO;
				GCC_NO_COMMON_BLOCKS = YES;
				GCC_OPTIMIZATION_LEVEL = 0;
				GCC_PREPROCESSOR_DEFINITIONS = (
					"DEBUG=1",
					"$(inherited)",
				);
				GCC_WARN_64_TO_32_BIT_CONVERSION = YES;
				GCC_WARN_ABOUT_RETURN_TYPE = YES_ERROR;
				GCC_WARN_UNDECLARED_SELECTOR = YES;
				GCC_WARN_UNINITIALIZED_AUTOS = YES_AGGRESSIVE;
				GCC_WARN_UNUSED_FUNCTION = YES;
				GCC_WARN_UNUSED_VARIABLE = YES;
				IPHONEOS_DEPLOYMENT_TARGET = 10.3;
				MTL_ENABLE_DEBUG_INFO = YES;
				ONLY_ACTIVE_ARCH = YES;
				SDKROOT = iphoneos;
			};
			name = Debug;
		};
		A27CCA331E9E57A500BED675 /* Release */ = {
			isa = XCBuildConfiguration;
			buildSettings = {
				ALWAYS_SEARCH_USER_PATHS = NO;
				CLANG_ANALYZER_NONNULL = YES;
				CLANG_ANALYZER_NUMBER_OBJECT_CONVERSION = YES_AGGRESSIVE;
				CLANG_CXX_LANGUAGE_STANDARD = "gnu++0x";
				CLANG_CXX_LIBRARY = "libc++";
				CLANG_ENABLE_MODULES = YES;
				CLANG_ENABLE_OBJC_ARC = YES;
				CLANG_WARN_BOOL_CONVERSION = YES;
				CLANG_WARN_CONSTANT_CONVERSION = YES;
				CLANG_WARN_DIRECT_OBJC_ISA_USAGE = YES_ERROR;
				CLANG_WARN_DOCUMENTATION_COMMENTS = YES;
				CLANG_WARN_EMPTY_BODY = YES;
				CLANG_WARN_ENUM_CONVERSION = YES;
				CLANG_WARN_INFINITE_RECURSION = YES;
				CLANG_WARN_INT_CONVERSION = YES;
				CLANG_WARN_OBJC_ROOT_CLASS = YES_ERROR;
				CLANG_WARN_SUSPICIOUS_MOVE = YES;
				CLANG_WARN_UNREACHABLE_CODE = YES;
				CLANG_WARN__DUPLICATE_METHOD_MATCH = YES;
				"CODE_SIGN_IDENTITY[sdk=iphoneos*]" = "iPhone Developer";
				COPY_PHASE_STRIP = NO;
				DEBUG_INFORMATION_FORMAT = "dwarf-with-dsym";
				ENABLE_NS_ASSERTIONS = NO;
				ENABLE_STRICT_OBJC_MSGSEND = YES;
				FRAMEWORK_SEARCH_PATHS = "/Users/juraskrlec/Documents/projects/blinkid-react-native-custom/blinkid-react-native/BlinkIDReactNative/ios/Pods/PPBlinkID";
				GCC_C_LANGUAGE_STANDARD = gnu99;
				GCC_NO_COMMON_BLOCKS = YES;
				GCC_WARN_64_TO_32_BIT_CONVERSION = YES;
				GCC_WARN_ABOUT_RETURN_TYPE = YES_ERROR;
				GCC_WARN_UNDECLARED_SELECTOR = YES;
				GCC_WARN_UNINITIALIZED_AUTOS = YES_AGGRESSIVE;
				GCC_WARN_UNUSED_FUNCTION = YES;
				GCC_WARN_UNUSED_VARIABLE = YES;
				IPHONEOS_DEPLOYMENT_TARGET = 10.3;
				MTL_ENABLE_DEBUG_INFO = NO;
				SDKROOT = iphoneos;
				VALIDATE_PRODUCT = YES;
			};
			name = Release;
		};
		A27CCA351E9E57A500BED675 /* Debug */ = {
			isa = XCBuildConfiguration;
			buildSettings = {
				DEVELOPMENT_TEAM = CQTJWP89J7;
				FRAMEWORK_SEARCH_PATHS = (
					"$(inherited)",
					"$(PODS_ROOT)/PPBlinkID",
					"$(SRCROOT)/../../../../../ios/**",
					"$(PROJECT_DIR)",
				);
				HEADER_SEARCH_PATHS = (
					"$(SRCROOT)/../../node_modules/react-native/React",
					"$(SRCROOT)/../../node_modules/react-native/ReactCommon",
					"${PODS_ROOT}/Headers/Public/React",
					"${PODS_ROOT}/Headers/Public/yoga",
					"${PODS_ROOT}/Headers/Public",
				);
				IPHONEOS_DEPLOYMENT_TARGET = 8.0;
				LIBRARY_SEARCH_PATHS = (
					"$(SRCROOT)/MicroblinkModule",
					"$(SRCROOT)/MicroblinkModule/Parsers/Wrappers",
					"$(SRCROOT)/MicroblinkModule/Parsers",
					"$(SRCROOT)/MicroblinkModule/Overlays",
					"$(SRCROOT)/MicroblinkModule/Overlays/Serialization",
					"$(SRCROOT)/MicroblinkModule/Processors/Wrappers",
					"$(SRCROOT)/MicroblinkModule/Processors",
					"$(SRCROOT)/MicroblinkModule/Recognizers",
					"$(SRCROOT)/MicroblinkModule/Recognizers/Wrappers",
				);
				OTHER_LDFLAGS = (
					"-ObjC",
					"-liconv",
					"-lc++",
					"-lz",
				);
				PODS_ROOT = "${SRCROOT}/../../../../../ios/Pods";
				PRODUCT_NAME = "$(TARGET_NAME)";
				SKIP_INSTALL = YES;
			};
			name = Debug;
		};
		A27CCA361E9E57A500BED675 /* Release */ = {
			isa = XCBuildConfiguration;
			buildSettings = {
				DEVELOPMENT_TEAM = CQTJWP89J7;
				FRAMEWORK_SEARCH_PATHS = (
					"$(inherited)",
					"$(PODS_ROOT)/PPBlinkID",
					"$(SRCROOT)/../../../../../ios/**",
					"$(PROJECT_DIR)",
				);
				HEADER_SEARCH_PATHS = (
					"$(SRCROOT)/../../node_modules/react-native/React",
					"$(SRCROOT)/../../node_modules/react-native/ReactCommon",
					"${PODS_ROOT}/Headers/Public/React",
					"${PODS_ROOT}/Headers/Public/yoga",
					"${PODS_ROOT}/Headers/Public",
				);
				IPHONEOS_DEPLOYMENT_TARGET = 8.0;
				LIBRARY_SEARCH_PATHS = (
					"$(SRCROOT)/MicroblinkModule",
					"$(SRCROOT)/MicroblinkModule/Parsers/Wrappers",
					"$(SRCROOT)/MicroblinkModule/Parsers",
					"$(SRCROOT)/MicroblinkModule/Overlays",
					"$(SRCROOT)/MicroblinkModule/Overlays/Serialization",
					"$(SRCROOT)/MicroblinkModule/Processors/Wrappers",
					"$(SRCROOT)/MicroblinkModule/Processors",
					"$(SRCROOT)/MicroblinkModule/Recognizers",
					"$(SRCROOT)/MicroblinkModule/Recognizers/Wrappers",
				);
				OTHER_LDFLAGS = (
					"-ObjC",
					"-liconv",
					"-lc++",
					"-lz",
				);
				PODS_ROOT = "${SRCROOT}/../../../../../ios/Pods";
				PRODUCT_NAME = "$(TARGET_NAME)";
				SKIP_INSTALL = YES;
			};
			name = Release;
		};
/* End XCBuildConfiguration section */

/* Begin XCConfigurationList section */
		A27CCA261E9E57A500BED675 /* Build configuration list for PBXProject "BlinkIDReactNative" */ = {
			isa = XCConfigurationList;
			buildConfigurations = (
				A27CCA321E9E57A500BED675 /* Debug */,
				A27CCA331E9E57A500BED675 /* Release */,
			);
			defaultConfigurationIsVisible = 0;
			defaultConfigurationName = Release;
		};
		A27CCA341E9E57A500BED675 /* Build configuration list for PBXNativeTarget "MicroblinkModule" */ = {
			isa = XCConfigurationList;
			buildConfigurations = (
				A27CCA351E9E57A500BED675 /* Debug */,
				A27CCA361E9E57A500BED675 /* Release */,
			);
			defaultConfigurationIsVisible = 0;
			defaultConfigurationName = Release;
		};
/* End XCConfigurationList section */
	};
	rootObject = A27CCA231E9E57A500BED675 /* Project object */;
}

